<?xml version="1.0" encoding="utf-8"?>
<Project ToolsVersion="4.0" xmlns="http://schemas.microsoft.com/developer/msbuild/2003">
  <ItemGroup>
    <Filter Include="Source Files">
      <UniqueIdentifier>{4FC737F1-C7A5-4376-A066-2A32D752A2FF}</UniqueIdentifier>
      <Extensions>cpp;c;cc;cxx;def;odl;idl;hpj;bat;asm;asmx</Extensions>
    </Filter>
    <Filter Include="Header Files">
      <UniqueIdentifier>{93995380-89BD-4b04-88EB-625FBE52EBFB}</UniqueIdentifier>
      <Extensions>h;hh;hpp;hxx;hm;inl;inc;ipp;xsd</Extensions>
    </Filter>
    <Filter Include="Resource Files">
      <UniqueIdentifier>{67DA6AB6-F800-4c08-8B7A-83BB121AAD01}</UniqueIdentifier>
      <Extensions>rc;ico;cur;bmp;dlg;rc2;rct;bin;rgs;gif;jpg;jpeg;jpe;resx;tiff;tif;png;wav;mfcribbon-ms</Extensions>
    </Filter>
    <Filter Include="Source Files\solved">
      <UniqueIdentifier>{33bdfbe1-bf60-46b7-87a4-835682b910a2}</UniqueIdentifier>
    </Filter>
    <Filter Include="Source Files\todo">
      <UniqueIdentifier>{d09570d7-7212-4399-aac5-b8fc9b4caf5a}</UniqueIdentifier>
    </Filter>
    <Filter Include="Source Files\current">
      <UniqueIdentifier>{de2936d3-49f3-427c-8f76-7b649d929690}</UniqueIdentifier>
    </Filter>
  </ItemGroup>
  <ItemGroup>
    <ClCompile Include="primeintervals.cpp">
      <Filter>Source Files\todo</Filter>
    </ClCompile>
    <ClCompile Include="life42.cpp">
      <Filter>Source Files\solved</Filter>
    </ClCompile>
    <ClCompile Include="primegen.cpp">
      <Filter>Source Files\solved</Filter>
    </ClCompile>
  </ItemGroup>
</Project>